
Microsoft Visual Studio Solution File, Format Version 12.00
# Visual Studio 2012
Project("{D954291E-2A0B-460D-934E-DC6B0785DB48}") = "GMX", "GMX\GMX.shproj", "{3AC4AAED-E0CB-4DE6-AC23-008844D57CF6}"
EndProject
Project("{FAE04EC0-301F-11D3-BF4B-00C04F79EFBC}") = "GMX.iOS", "iOS\GMX.iOS.csproj", "{11EA471D-BE0C-4138-AD50-469202DFA341}"
EndProject
Project("{FAE04EC0-301F-11D3-BF4B-00C04F79EFBC}") = "GMX.Droid", "Droid\GMX.Droid.csproj", "{6F7C857D-1C28-4BEA-AFD8-2C1C6B2179D6}"
EndProject
Global
	GlobalSection(SolutionConfigurationPlatforms) = preSolution
		Debug|iPhoneSimulator = Debug|iPhoneSimulator
		Release|iPhone = Release|iPhone
		Release|iPhoneSimulator = Release|iPhoneSimulator
		Debug|iPhone = Debug|iPhone
		Debug|Any CPU = Debug|Any CPU
		Release|Any CPU = Release|Any CPU
	EndGlobalSection
	GlobalSection(ProjectConfigurationPlatforms) = postSolution
		{11EA471D-BE0C-4138-AD50-469202DFA341}.Debug|iPhoneSimulator.ActiveCfg = Debug|iPhoneSimulator
		{11EA471D-BE0C-4138-AD50-469202DFA341}.Debug|iPhoneSimulator.Build.0 = Debug|iPhoneSimulator
		{11EA471D-BE0C-4138-AD50-469202DFA341}.Release|iPhone.ActiveCfg = Release|iPhone
		{11EA471D-BE0C-4138-AD50-469202DFA341}.Release|iPhone.Build.0 = Release|iPhone
		{11EA471D-BE0C-4138-AD50-469202DFA341}.Release|iPhoneSimulator.ActiveCfg = Release|iPhoneSimulator
		{11EA471D-BE0C-4138-AD50-469202DFA341}.Release|iPhoneSimulator.Build.0 = Release|iPhoneSimulator
		{11EA471D-BE0C-4138-AD50-469202DFA341}.Debug|iPhone.ActiveCfg = Debug|iPhone
		{11EA471D-BE0C-4138-AD50-469202DFA341}.Debug|iPhone.Build.0 = Debug|iPhone
		{11EA471D-BE0C-4138-AD50-469202DFA341}.Debug|Any CPU.ActiveCfg = Debug|iPhoneSimulator
		{11EA471D-BE0C-4138-AD50-469202DFA341}.Debug|Any CPU.Build.0 = Debug|iPhoneSimulator
		{11EA471D-BE0C-4138-AD50-469202DFA341}.Release|Any CPU.ActiveCfg = Release|iPhone
		{11EA471D-BE0C-4138-AD50-469202DFA341}.Release|Any CPU.Build.0 = Release|iPhone
		{6F7C857D-1C28-4BEA-AFD8-2C1C6B2179D6}.Debug|iPhoneSimulator.ActiveCfg = Debug|Any CPU
		{6F7C857D-1C28-4BEA-AFD8-2C1C6B2179D6}.Debug|iPhoneSimulator.Build.0 = Debug|Any CPU
		{6F7C857D-1C28-4BEA-AFD8-2C1C6B2179D6}.Release|iPhone.ActiveCfg = Release|Any CPU
		{6F7C857D-1C28-4BEA-AFD8-2C1C6B2179D6}.Release|iPhone.Build.0 = Release|Any CPU
		{6F7C857D-1C28-4BEA-AFD8-2C1C6B2179D6}.Release|iPhoneSimulator.ActiveCfg = Release|Any CPU
		{6F7C857D-1C28-4BEA-AFD8-2C1C6B2179D6}.Release|iPhoneSimulator.Build.0 = Release|Any CPU
		{6F7C857D-1C28-4BEA-AFD8-2C1C6B2179D6}.Debug|iPhone.ActiveCfg = Debug|Any CPU
		{6F7C857D-1C28-4BEA-AFD8-2C1C6B2179D6}.Debug|iPhone.Build.0 = Debug|Any CPU
		{6F7C857D-1C28-4BEA-AFD8-2C1C6B2179D6}.Debug|Any CPU.ActiveCfg = Debug|Any CPU
		{6F7C857D-1C28-4BEA-AFD8-2C1C6B2179D6}.Debug|Any CPU.Build.0 = Debug|Any CPU
		{6F7C857D-1C28-4BEA-AFD8-2C1C6B2179D6}.Release|Any CPU.ActiveCfg = Release|Any CPU
		{6F7C857D-1C28-4BEA-AFD8-2C1C6B2179D6}.Release|Any CPU.Build.0 = Release|Any CPU
	EndGlobalSection
EndGlobal
